{
    "_meta": {
        "hash": {
            "sha256": "1a269c4976326dd0475db11fbef82c7673009c0c7831f2a4bb2384f8c5d3de1c"
        },
        "pipfile-spec": 6,
        "requires": {
            "python_version": "3.7"
        },
        "sources": [
            {
                "name": "pypi",
                "url": "https://pypi.org/simple",
                "verify_ssl": true
            }
        ]
    },
    "default": {
        "asgiref": {
            "hashes": [
                "sha256:a5098bc870b80e7b872bff60bb363c7f2c2c89078759f6c47b53ff8c525a152e",
                "sha256:cd88907ecaec59d78e4ac00ea665b03e571cb37e3a0e37b3702af1a9e86c365a"
            ],
            "version": "==3.3.0"
        },
        "django": {
            "hashes": [
                "sha256:14a4b7cd77297fba516fc0d92444cc2e2e388aa9de32d7a68d4a83d58f5a4927",
                "sha256:14b87775ffedab2ef6299b73343d1b4b41e5d4e2aa58c6581f114dbec01e3f8f"
            ],
            "index": "pypi",
            "version": "==3.1.3"
        },
        "django-annoying": {
            "hashes": [
                "sha256:083b5e26f140f86178fcb47931f69b7ff75181ccd1e318d9c218ae9babc1805e",
                "sha256:e230f28fec0559b4fdb621ff202068a78170ada2ac1ec7a73ba822cc1f737791"
            ],
            "version": "==0.10.6"
        },
        "django-filter": {
            "hashes": [
                "sha256:84e9d5bb93f237e451db814ed422a3a625751cbc9968b484ecc74964a8696b06",
                "sha256:e00d32cebdb3d54273c48f4f878f898dced8d5dfaad009438fe61ebdf535ace1"
            ],
            "version": "==2.4.0"
        },
        "django-jsonstore": {
            "hashes": [
                "sha256:d6e42152af3f924e4657c99e80144ba9a6410799256f6134b5a4e9fa4282ec10"
            ],
            "version": "==0.4.1"
        },
        "django-material": {
            "hashes": [
                "sha256:2b70ef05d4c6805554e91efc81c34f71081a5287f016d0172b7368b0a465d759",
                "sha256:77cfcc83da7724066b5b78bbb72cd4fbe752b38ffb20cb6ca36feb9657d9f19f"
            ],
            "index": "pypi",
            "version": "==1.7.1"
        },
        "django-viewflow": {
            "hashes": [
                "sha256:353891f1974fa55695b713314e241ca0cddd3b7551686090f2d19a718d5a7667",
                "sha256:9f105161a6542ccca01567c23af919fd40a6c2e30f99203793e4417cc869bc46"
            ],
            "index": "pypi",
            "version": "==1.6.1"
        },
        "pytz": {
            "hashes": [
                "sha256:3e6b7dd2d1e0a59084bcee14a17af60c5c562cdc16d828e8eba2e683d3a7e268",
                "sha256:5c55e189b682d420be27c6995ba6edce0c0a77dd67bfbe2ae6607134d5851ffd"
            ],
            "version": "==2020.4"
        },
        "six": {
            "hashes": [
                "sha256:30639c035cdb23534cd4aa2dd52c3bf48f06e5f4a941509c8bafd8ce11080259",
                "sha256:8b74bedcbbbaca38ff6d7491d76f2b06b3592611af620f8426e82dddb04a5ced"
            ],
            "version": "==1.15.0"
        },
        "sqlparse": {
            "hashes": [
                "sha256:017cde379adbd6a1f15a61873f43e8274179378e95ef3fede90b5aa64d304ed0",
                "sha256:0f91fd2e829c44362cbcfab3e9ae12e22badaa8a29ad5ff599f9ec109f0454e8"
            ],
            "version": "==0.4.1"
        }
    },
    "develop": {}
}
